{
  "name": "AnimatiWeb",
  "lockfileVersion": 3,
  "requires": true,
  "packages": {
    "": {
      "dependencies": {
        "chart.js": "^4.5.0"
      },
      "devDependencies": {
        "@types/jasmine": "^5.1.8"
      }
    },
    "node_modules/@kurkle/color": {
      "version": "0.3.4",
      "resolved": "https://registry.npmjs.org/@kurkle/color/-/color-0.3.4.tgz",
      "integrity": "sha512-M5UknZPHRu3DEDWoipU6sE8PdkZ6Z/S+v4dD+Ke8IaNlpdSQah50lz1KtcFBa2vsdOnwbbnxJwVM4wty6udA5w=="
    },
    "node_modules/@types/jasmine": {
      "version": "5.1.8",
      "resolved": "https://registry.npmjs.org/@types/jasmine/-/jasmine-5.1.8.tgz",
      "integrity": "sha512-u7/CnvRdh6AaaIzYjCgUuVbREFgulhX05Qtf6ZtW+aOcjCKKVvKgpkPYJBFTZSHtFBYimzU4zP0V2vrEsq9Wcg==",
      "dev": true,
      "license": "MIT"
    },
    "node_modules/chart.js": {
      "version": "4.5.0",
      "resolved": "https://registry.npmjs.org/chart.js/-/chart.js-4.5.0.tgz",
      "integrity": "sha512-aYeC/jDgSEx8SHWZvANYMioYMZ2KX02W6f6uVfyteuCGcadDLcYVHdfdygsTQkQ4TKn5lghoojAsPj5pu0SnvQ==",
      "dependencies": {
        "@kurkle/color": "^0.3.0"
      },
      "engines": {
        "pnpm": ">=8"
      }
    }
  }
}
